PODS:
  - Capacitor (5.1.1):
    - CapacitorCordova
  - CapacitorCordova (5.1.1)
  - OneSignal (3.12.5):
    - OneSignal/OneSignalCore (= 3.12.5)
    - OneSignal/OneSignalExtension (= 3.12.5)
    - OneSignal/OneSignalOutcomes (= 3.12.5)
  - OneSignal/OneSignalCore (3.12.5)
  - OneSignal/OneSignalExtension (3.12.5):
    - OneSignal/OneSignalCore
    - OneSignal/OneSignalOutcomes
  - OneSignal/OneSignalOutcomes (3.12.5):
    - OneSignal/OneSignalCore

DEPENDENCIES:
  - "Capacitor (from `../node_modules/@capacitor/ios`)"
  - "CapacitorCordova (from `../node_modules/@capacitor/ios`)"
  - OneSignal (= 3.12.5)

SPEC REPOS:
  trunk:
    - OneSignal

EXTERNAL SOURCES:
  Capacitor:
    :path: "../node_modules/@capacitor/ios"
  CapacitorCordova:
    :path: "../node_modules/@capacitor/ios"

SPEC CHECKSUMS:
  Capacitor: 55956e1199b63efcd7f2dedffa5c6b9129c45aae
  CapacitorCordova: b31a46ad379c93a5c04e0598a6164e8cb90c2bb2
  OneSignal: 36f1f46ea4be161a5c00ed0af63f8d31653f0c1d

PODFILE CHECKSUM: 603a9f2c99113975c7af3782f168d3a7df73728d

COCOAPODS: 1.12.1
